
Microsoft Visual Studio Solution File, Format Version 12.00
# Visual Studio Version 17
VisualStudioVersion = 17.7.34031.279
MinimumVisualStudioVersion = 10.0.40219.1
Project("{FAE04EC0-301F-11D3-BF4B-00C04F79EFBC}") = "GA_Constructors_DavidAbarca", "GA_Constructors_DavidAbarca.csproj", "{43B6381A-6E9D-48A5-940C-B1A643BD32B1}"
EndProject
Global
	GlobalSection(SolutionConfigurationPlatforms) = preSolution
		Debug|Any CPU = Debug|Any CPU
		Release|Any CPU = Release|Any CPU
	EndGlobalSection
	GlobalSection(ProjectConfigurationPlatforms) = postSolution
		{43B6381A-6E9D-48A5-940C-B1A643BD32B1}.Debug|Any CPU.ActiveCfg = Debug|Any CPU
		{43B6381A-6E9D-48A5-940C-B1A643BD32B1}.Debug|Any CPU.Build.0 = Debug|Any CPU
		{43B6381A-6E9D-48A5-940C-B1A643BD32B1}.Release|Any CPU.ActiveCfg = Release|Any CPU
		{43B6381A-6E9D-48A5-940C-B1A643BD32B1}.Release|Any CPU.Build.0 = Release|Any CPU
	EndGlobalSection
	GlobalSection(SolutionProperties) = preSolution
		HideSolutionNode = FALSE
	EndGlobalSection
	GlobalSection(ExtensibilityGlobals) = postSolution
		SolutionGuid = {0A740D37-50C0-4CE3-9CCC-CF97438300F4}
	EndGlobalSection
EndGlobal
